{
  "version": 4,
  "terraform_version": "1.9.2",
  "serial": 55,
  "lineage": "9656fd06-7b40-20e3-7a17-275010094de3",
  "outputs": {},
  "resources": [
    {
      "mode": "data",
      "type": "aws_availability_zones",
      "name": "aws-availability-zones",
      "provider": "provider[\"registry.terraform.io/hashicorp/aws\"]",
      "instances": [
        {
          "schema_version": 0,
          "attributes": {
            "all_availability_zones": null,
            "exclude_names": null,
            "exclude_zone_ids": null,
            "filter": null,
            "group_names": [
              "us-east-1"
            ],
            "id": "us-east-1",
            "names": [
              "us-east-1a",
              "us-east-1b",
              "us-east-1c",
              "us-east-1d",
              "us-east-1e",
              "us-east-1f"
            ],
            "state": null,
            "timeouts": null,
            "zone_ids": [
              "use1-az4",
              "use1-az6",
              "use1-az1",
              "use1-az2",
              "use1-az3",
              "use1-az5"
            ]
          },
          "sensitive_attributes": []
        }
      ]
    },
    {
      "mode": "managed",
      "type": "aws_cloudwatch_log_group",
      "name": "fullcycle-cluster-log",
      "provider": "provider[\"registry.terraform.io/hashicorp/aws\"]",
      "instances": [
        {
          "schema_version": 0,
          "attributes": {
            "arn": "arn:aws:logs:us-east-1:068637447302:log-group:/aws/eks/fullcycle-cursofc/cluster",
            "id": "/aws/eks/fullcycle-cursofc/cluster",
            "kms_key_id": "",
            "log_group_class": "STANDARD",
            "name": "/aws/eks/fullcycle-cursofc/cluster",
            "name_prefix": "",
            "retention_in_days": 7,
            "skip_destroy": false,
            "tags": {},
            "tags_all": {}
          },
          "sensitive_attributes": [],
          "private": "bnVsbA=="
        }
      ]
    },
    {
      "mode": "managed",
      "type": "aws_eks_cluster",
      "name": "fullcycle-cluster",
      "provider": "provider[\"registry.terraform.io/hashicorp/aws\"]",
      "instances": [
        {
          "schema_version": 1,
          "attributes": {
            "access_config": [
              {
                "authentication_mode": "CONFIG_MAP",
                "bootstrap_cluster_creator_admin_permissions": true
              }
            ],
            "arn": "arn:aws:eks:us-east-1:068637447302:cluster/fullcycle-cursofc",
            "bootstrap_self_managed_addons": true,
            "certificate_authority": [
              {
                "data": "LS0tLS1CRUdJTiBDRVJUSUZJQ0FURS0tLS0tCk1JSURCVENDQWUyZ0F3SUJBZ0lJZXFqaWJQSFRrNUF3RFFZSktvWklodmNOQVFFTEJRQXdGVEVUTUJFR0ExVUUKQXhNS2EzVmlaWEp1WlhSbGN6QWVGdzB5TkRBNE1qVXhOVFExTWpCYUZ3MHpOREE0TWpNeE5UVXdNakJhTUJVeApFekFSQmdOVkJBTVRDbXQxWW1WeWJtVjBaWE13Z2dFaU1BMEdDU3FHU0liM0RRRUJBUVVBQTRJQkR3QXdnZ0VLCkFvSUJBUUNicXVzeFV1ZFduR1hOMTZ3QVAreDYwZEg1b2h2TGNYNktPZDlRN0xydENjOG83ODJISzBrZkRmREEKamN4M1cwdDN0WDMyRWxHN1BaMGJVY3hTU1N3N3FwVUs0SW5qRlRqWmNwVnZ2TzB4RGx3OTB0bkxVTkgzRmNYWgovYUljK3R0eDJYS2VndmJhdWpQN1RaVGJJOEJxWFRzQitJcmJvOWRhYTV0cDh2LzNkZnBiN1BVY1Vpdko2alBuCkhPbjZsTURvVERjRFVmWFR5SC84QWNZekw3dDc2VmVnK2c3eW1JekxtbDZQUnBGTWNaYXc3T0REQytzU29sZDcKVm9naHJybGZhK2kvcldzMFBWTzg0ek9BcWNvZkZsaWV1QWI3czNmb0p1bUh4dktyajJ1cVB5MjduaWRPWnVrdApMd2RVTFg2eG9qUE54Yk5RWjVMbDBaRDRlOG5IQWdNQkFBR2pXVEJYTUE0R0ExVWREd0VCL3dRRUF3SUNwREFQCkJnTlZIUk1CQWY4RUJUQURBUUgvTUIwR0ExVWREZ1FXQkJTbmt3YnpNalFaZ21paWNFcW92QmtmbFJsaFBUQVYKQmdOVkhSRUVEakFNZ2dwcmRXSmxjbTVsZEdWek1BMEdDU3FHU0liM0RRRUJDd1VBQTRJQkFRQUVkYjhGT3hQNApkRE5YbVJwbDhlL1V5U3FXSHE4d3VWSTB2dmhaYnNwZFJuUWhIQ1ZPUHdOMlMwaEFhYjlYYUN3eG01blJCaDlrCkhHN3VFYk0ySUwzUXJoK2pHQVphUm9Edk5pR09LQlpQeGh4QlFEaUVkeHBOWG5tQWVudzFzQm1DdnVlRGtWTTAKNzFZWHBnZWlkU3ZJUDMzU0dFdHpHenEzZTRscFdBMXdUa0RhL2twQjJUZ3Q5cVJvS2VmNU82S0p2Z1VzNnpFbgpWZHdGVFIyVCt0Umw5WWV1ZjFRUDBQSUN0TjMyZjdGS25hUjlVOXRHaHMrUWdmMnZBUmx6UytUYmZvaUlRSE84CkZ5TlFUcExUZ1dUeTRLa1EramFCY0J6UXRQQVM3OWdjdFFMUUlQOXJOaE9vd1cxeWZHdndPLzd5VU1XenZldUMKZzRDMDh2RXY5bTUrCi0tLS0tRU5EIENFUlRJRklDQVRFLS0tLS0K"
              }
            ],
            "cluster_id": null,
            "created_at": "2024-08-25 15:44:59.536 +0000 UTC",
            "enabled_cluster_log_types": [
              "api",
              "audit"
            ],
            "encryption_config": [],
            "endpoint": "https://EE62D896A9BE9FC44328379C547AB0F4.gr7.us-east-1.eks.amazonaws.com",
            "id": "fullcycle-cursofc",
            "identity": [
              {
                "oidc": [
                  {
                    "issuer": "https://oidc.eks.us-east-1.amazonaws.com/id/EE62D896A9BE9FC44328379C547AB0F4"
                  }
                ]
              }
            ],
            "kubernetes_network_config": [
              {
                "ip_family": "ipv4",
                "service_ipv4_cidr": "172.20.0.0/16",
                "service_ipv6_cidr": ""
              }
            ],
            "name": "fullcycle-cursofc",
            "outpost_config": [],
            "platform_version": "eks.6",
            "role_arn": "arn:aws:iam::068637447302:role/fullcycle-cursofc-role",
            "status": "ACTIVE",
            "tags": {},
            "tags_all": {},
            "timeouts": null,
            "upgrade_policy": [
              {
                "support_type": "EXTENDED"
              }
            ],
            "version": "1.30",
            "vpc_config": [
              {
                "cluster_security_group_id": "sg-0d32f1313c1b31f30",
                "endpoint_private_access": false,
                "endpoint_public_access": true,
                "public_access_cidrs": [
                  "0.0.0.0/0"
                ],
                "security_group_ids": [
                  "sg-0da0a729c1ab8c99d"
                ],
                "subnet_ids": [
                  "subnet-05415d2cf78120779",
                  "subnet-0d84104ef4b1619d1"
                ],
                "vpc_id": "vpc-0133767fd050e1429"
              }
            ]
          },
          "sensitive_attributes": [],
          "private": "eyJlMmJmYjczMC1lY2FhLTExZTYtOGY4OC0zNDM2M2JjN2M0YzAiOnsiY3JlYXRlIjoxODAwMDAwMDAwMDAwLCJkZWxldGUiOjkwMDAwMDAwMDAwMCwidXBkYXRlIjozNjAwMDAwMDAwMDAwfSwic2NoZW1hX3ZlcnNpb24iOiIxIn0=",
          "dependencies": [
            "aws_cloudwatch_log_group.fullcycle-cluster-log",
            "aws_iam_role.fullcycle-cluster-role",
            "aws_iam_role_policy_attachment.fullcycle-cluster-AmazonEKSClusterPolicy",
            "aws_iam_role_policy_attachment.fullcycle-cluster-AmazonEKSVPCResourceController",
            "aws_security_group.fullcycle-sg",
            "aws_subnet.fullcycle-subnets",
            "aws_vpc.fullcycle-vpc",
            "data.aws_availability_zones.aws-availability-zones"
          ]
        }
      ]
    },
    {
      "mode": "managed",
      "type": "aws_eks_node_group",
      "name": "fullcycle-cluster-node-1",
      "provider": "provider[\"registry.terraform.io/hashicorp/aws\"]",
      "instances": [
        {
          "schema_version": 0,
          "attributes": {
            "ami_type": "AL2023_x86_64_STANDARD",
            "arn": "arn:aws:eks:us-east-1:068637447302:nodegroup/fullcycle-cursofc/fullcycle-cursofc-node-1/20c8c526-b1fd-6168-1518-9673665f5e79",
            "capacity_type": "ON_DEMAND",
            "cluster_name": "fullcycle-cursofc",
            "disk_size": 20,
            "force_update_version": null,
            "id": "fullcycle-cursofc:fullcycle-cursofc-node-1",
            "instance_types": [
              "t3.micro"
            ],
            "labels": {},
            "launch_template": [],
            "node_group_name": "fullcycle-cursofc-node-1",
            "node_group_name_prefix": "",
            "node_role_arn": "arn:aws:iam::068637447302:role/fullcycle-cursofc-node-role",
            "release_version": "1.30.2-20240817",
            "remote_access": [],
            "resources": [
              {
                "autoscaling_groups": [
                  {
                    "name": "eks-fullcycle-cursofc-node-1-20c8c526-b1fd-6168-1518-9673665f5e79"
                  }
                ],
                "remote_access_security_group_id": ""
              }
            ],
            "scaling_config": [
              {
                "desired_size": 2,
                "max_size": 3,
                "min_size": 1
              }
            ],
            "status": "ACTIVE",
            "subnet_ids": [
              "subnet-05415d2cf78120779",
              "subnet-0d84104ef4b1619d1"
            ],
            "tags": {},
            "tags_all": {},
            "taint": [],
            "timeouts": null,
            "update_config": [
              {
                "max_unavailable": 1,
                "max_unavailable_percentage": 0
              }
            ],
            "version": "1.30"
          },
          "sensitive_attributes": [],
          "private": "eyJlMmJmYjczMC1lY2FhLTExZTYtOGY4OC0zNDM2M2JjN2M0YzAiOnsiY3JlYXRlIjozNjAwMDAwMDAwMDAwLCJkZWxldGUiOjM2MDAwMDAwMDAwMDAsInVwZGF0ZSI6MzYwMDAwMDAwMDAwMH19",
          "dependencies": [
            "aws_cloudwatch_log_group.fullcycle-cluster-log",
            "aws_eks_cluster.fullcycle-cluster",
            "aws_iam_role.fullcycle-cluster-node-role",
            "aws_iam_role.fullcycle-cluster-role",
            "aws_iam_role_policy_attachment.fullcycle-cluster-AmazonEKSClusterPolicy",
            "aws_iam_role_policy_attachment.fullcycle-cluster-AmazonEKSVPCResourceController",
            "aws_iam_role_policy_attachment.fullcycle-cluster-node-AmazonEC2ContainerRegistryReadOnly",
            "aws_iam_role_policy_attachment.fullcycle-cluster-node-AmazonEKSWorkerNodePolicy",
            "aws_iam_role_policy_attachment.fullcycle-cluster-node-AmazonEKS_CNI_Policy",
            "aws_security_group.fullcycle-sg",
            "aws_subnet.fullcycle-subnets",
            "aws_vpc.fullcycle-vpc",
            "data.aws_availability_zones.aws-availability-zones"
          ]
        }
      ]
    },
    {
      "mode": "managed",
      "type": "aws_iam_role",
      "name": "fullcycle-cluster-node-role",
      "provider": "provider[\"registry.terraform.io/hashicorp/aws\"]",
      "instances": [
        {
          "schema_version": 0,
          "attributes": {
            "arn": "arn:aws:iam::068637447302:role/fullcycle-cursofc-node-role",
            "assume_role_policy": "{\"Statement\":[{\"Action\":\"sts:AssumeRole\",\"Effect\":\"Allow\",\"Principal\":{\"Service\":\"ec2.amazonaws.com\"}}],\"Version\":\"2012-10-17\"}",
            "create_date": "2024-08-25T15:53:47Z",
            "description": "",
            "force_detach_policies": false,
            "id": "fullcycle-cursofc-node-role",
            "inline_policy": [],
            "managed_policy_arns": [
              "arn:aws:iam::aws:policy/AmazonEC2ContainerRegistryReadOnly",
              "arn:aws:iam::aws:policy/AmazonEKSWorkerNodePolicy",
              "arn:aws:iam::aws:policy/AmazonEKS_CNI_Policy"
            ],
            "max_session_duration": 3600,
            "name": "fullcycle-cursofc-node-role",
            "name_prefix": "",
            "path": "/",
            "permissions_boundary": "",
            "tags": {},
            "tags_all": {},
            "unique_id": "AROAQ76Y4KSDMVTTB4RO7"
          },
          "sensitive_attributes": [],
          "private": "bnVsbA=="
        }
      ]
    },
    {
      "mode": "managed",
      "type": "aws_iam_role",
      "name": "fullcycle-cluster-role",
      "provider": "provider[\"registry.terraform.io/hashicorp/aws\"]",
      "instances": [
        {
          "schema_version": 0,
          "attributes": {
            "arn": "arn:aws:iam::068637447302:role/fullcycle-cursofc-role",
            "assume_role_policy": "{\"Statement\":[{\"Action\":\"sts:AssumeRole\",\"Effect\":\"Allow\",\"Principal\":{\"Service\":\"eks.amazonaws.com\"}}],\"Version\":\"2012-10-17\"}",
            "create_date": "2024-08-25T15:32:13Z",
            "description": "",
            "force_detach_policies": false,
            "id": "fullcycle-cursofc-role",
            "inline_policy": [],
            "managed_policy_arns": [
              "arn:aws:iam::aws:policy/AmazonEKSClusterPolicy",
              "arn:aws:iam::aws:policy/AmazonEKSVPCResourceController"
            ],
            "max_session_duration": 3600,
            "name": "fullcycle-cursofc-role",
            "name_prefix": "",
            "path": "/",
            "permissions_boundary": "",
            "tags": {},
            "tags_all": {},
            "unique_id": "AROAQ76Y4KSDCNYQGEKUA"
          },
          "sensitive_attributes": [],
          "private": "bnVsbA=="
        }
      ]
    },
    {
      "mode": "managed",
      "type": "aws_iam_role_policy_attachment",
      "name": "fullcycle-cluster-AmazonEKSClusterPolicy",
      "provider": "provider[\"registry.terraform.io/hashicorp/aws\"]",
      "instances": [
        {
          "schema_version": 0,
          "attributes": {
            "id": "fullcycle-cursofc-role-20240825153747968500000001",
            "policy_arn": "arn:aws:iam::aws:policy/AmazonEKSClusterPolicy",
            "role": "fullcycle-cursofc-role"
          },
          "sensitive_attributes": [],
          "private": "bnVsbA==",
          "dependencies": [
            "aws_iam_role.fullcycle-cluster-role"
          ]
        }
      ]
    },
    {
      "mode": "managed",
      "type": "aws_iam_role_policy_attachment",
      "name": "fullcycle-cluster-AmazonEKSVPCResourceController",
      "provider": "provider[\"registry.terraform.io/hashicorp/aws\"]",
      "instances": [
        {
          "schema_version": 0,
          "attributes": {
            "id": "fullcycle-cursofc-role-20240825153607160300000001",
            "policy_arn": "arn:aws:iam::aws:policy/AmazonEKSVPCResourceController",
            "role": "fullcycle-cursofc-role"
          },
          "sensitive_attributes": [],
          "private": "bnVsbA==",
          "dependencies": [
            "aws_iam_role.fullcycle-cluster-role"
          ]
        }
      ]
    },
    {
      "mode": "managed",
      "type": "aws_iam_role_policy_attachment",
      "name": "fullcycle-cluster-node-AmazonEC2ContainerRegistryReadOnly",
      "provider": "provider[\"registry.terraform.io/hashicorp/aws\"]",
      "instances": [
        {
          "schema_version": 0,
          "attributes": {
            "id": "fullcycle-cursofc-node-role-20240825155349551000000003",
            "policy_arn": "arn:aws:iam::aws:policy/AmazonEC2ContainerRegistryReadOnly",
            "role": "fullcycle-cursofc-node-role"
          },
          "sensitive_attributes": [],
          "private": "bnVsbA==",
          "dependencies": [
            "aws_iam_role.fullcycle-cluster-node-role"
          ]
        }
      ]
    },
    {
      "mode": "managed",
      "type": "aws_iam_role_policy_attachment",
      "name": "fullcycle-cluster-node-AmazonEKSWorkerNodePolicy",
      "provider": "provider[\"registry.terraform.io/hashicorp/aws\"]",
      "instances": [
        {
          "schema_version": 0,
          "attributes": {
            "id": "fullcycle-cursofc-node-role-20240825155349514600000002",
            "policy_arn": "arn:aws:iam::aws:policy/AmazonEKSWorkerNodePolicy",
            "role": "fullcycle-cursofc-node-role"
          },
          "sensitive_attributes": [],
          "private": "bnVsbA==",
          "dependencies": [
            "aws_iam_role.fullcycle-cluster-node-role"
          ]
        }
      ]
    },
    {
      "mode": "managed",
      "type": "aws_iam_role_policy_attachment",
      "name": "fullcycle-cluster-node-AmazonEKS_CNI_Policy",
      "provider": "provider[\"registry.terraform.io/hashicorp/aws\"]",
      "instances": [
        {
          "schema_version": 0,
          "attributes": {
            "id": "fullcycle-cursofc-node-role-20240825155348987600000001",
            "policy_arn": "arn:aws:iam::aws:policy/AmazonEKS_CNI_Policy",
            "role": "fullcycle-cursofc-node-role"
          },
          "sensitive_attributes": [],
          "private": "bnVsbA==",
          "dependencies": [
            "aws_iam_role.fullcycle-cluster-node-role"
          ]
        }
      ]
    },
    {
      "mode": "managed",
      "type": "aws_internet_gateway",
      "name": "fullcycle-igw",
      "provider": "provider[\"registry.terraform.io/hashicorp/aws\"]",
      "instances": [
        {
          "schema_version": 0,
          "attributes": {
            "arn": "arn:aws:ec2:us-east-1:068637447302:internet-gateway/igw-0ff0abab43885d821",
            "id": "igw-0ff0abab43885d821",
            "owner_id": "068637447302",
            "tags": {
              "Name": "fullcycle-igw"
            },
            "tags_all": {
              "Name": "fullcycle-igw"
            },
            "timeouts": null,
            "vpc_id": "vpc-0133767fd050e1429"
          },
          "sensitive_attributes": [],
          "private": "eyJlMmJmYjczMC1lY2FhLTExZTYtOGY4OC0zNDM2M2JjN2M0YzAiOnsiY3JlYXRlIjoxMjAwMDAwMDAwMDAwLCJkZWxldGUiOjEyMDAwMDAwMDAwMDAsInVwZGF0ZSI6MTIwMDAwMDAwMDAwMH19",
          "dependencies": [
            "aws_vpc.fullcycle-vpc"
          ]
        }
      ]
    },
    {
      "mode": "managed",
      "type": "aws_route_table",
      "name": "fullcycle-rtb",
      "provider": "provider[\"registry.terraform.io/hashicorp/aws\"]",
      "instances": [
        {
          "schema_version": 0,
          "attributes": {
            "arn": "arn:aws:ec2:us-east-1:068637447302:route-table/rtb-035b6fc7c59dd6102",
            "id": "rtb-035b6fc7c59dd6102",
            "owner_id": "068637447302",
            "propagating_vgws": [],
            "route": [
              {
                "carrier_gateway_id": "",
                "cidr_block": "0.0.0.0/0",
                "core_network_arn": "",
                "destination_prefix_list_id": "",
                "egress_only_gateway_id": "",
                "gateway_id": "igw-0ff0abab43885d821",
                "ipv6_cidr_block": "",
                "local_gateway_id": "",
                "nat_gateway_id": "",
                "network_interface_id": "",
                "transit_gateway_id": "",
                "vpc_endpoint_id": "",
                "vpc_peering_connection_id": ""
              }
            ],
            "tags": {
              "Name": "fullcycle-rtb"
            },
            "tags_all": {
              "Name": "fullcycle-rtb"
            },
            "timeouts": null,
            "vpc_id": "vpc-0133767fd050e1429"
          },
          "sensitive_attributes": [],
          "private": "eyJlMmJmYjczMC1lY2FhLTExZTYtOGY4OC0zNDM2M2JjN2M0YzAiOnsiY3JlYXRlIjozMDAwMDAwMDAwMDAsImRlbGV0ZSI6MzAwMDAwMDAwMDAwLCJ1cGRhdGUiOjEyMDAwMDAwMDAwMH19",
          "dependencies": [
            "aws_internet_gateway.fullcycle-igw",
            "aws_vpc.fullcycle-vpc"
          ]
        }
      ]
    },
    {
      "mode": "managed",
      "type": "aws_route_table_association",
      "name": "fullcycle-rtb-associations",
      "provider": "provider[\"registry.terraform.io/hashicorp/aws\"]",
      "instances": [
        {
          "index_key": 0,
          "schema_version": 0,
          "attributes": {
            "gateway_id": "",
            "id": "rtbassoc-04ef432a7057f90c8",
            "route_table_id": "rtb-035b6fc7c59dd6102",
            "subnet_id": "subnet-05415d2cf78120779",
            "timeouts": null
          },
          "sensitive_attributes": [],
          "private": "eyJlMmJmYjczMC1lY2FhLTExZTYtOGY4OC0zNDM2M2JjN2M0YzAiOnsiY3JlYXRlIjozMDAwMDAwMDAwMDAsImRlbGV0ZSI6MzAwMDAwMDAwMDAwLCJ1cGRhdGUiOjEyMDAwMDAwMDAwMH19",
          "dependencies": [
            "aws_internet_gateway.fullcycle-igw",
            "aws_route_table.fullcycle-rtb",
            "aws_subnet.fullcycle-subnets",
            "aws_vpc.fullcycle-vpc",
            "data.aws_availability_zones.aws-availability-zones"
          ]
        },
        {
          "index_key": 1,
          "schema_version": 0,
          "attributes": {
            "gateway_id": "",
            "id": "rtbassoc-062650ca72fac8c23",
            "route_table_id": "rtb-035b6fc7c59dd6102",
            "subnet_id": "subnet-0d84104ef4b1619d1",
            "timeouts": null
          },
          "sensitive_attributes": [],
          "private": "eyJlMmJmYjczMC1lY2FhLTExZTYtOGY4OC0zNDM2M2JjN2M0YzAiOnsiY3JlYXRlIjozMDAwMDAwMDAwMDAsImRlbGV0ZSI6MzAwMDAwMDAwMDAwLCJ1cGRhdGUiOjEyMDAwMDAwMDAwMH19",
          "dependencies": [
            "aws_internet_gateway.fullcycle-igw",
            "aws_route_table.fullcycle-rtb",
            "aws_subnet.fullcycle-subnets",
            "aws_vpc.fullcycle-vpc",
            "data.aws_availability_zones.aws-availability-zones"
          ]
        }
      ]
    },
    {
      "mode": "managed",
      "type": "aws_security_group",
      "name": "fullcycle-sg",
      "provider": "provider[\"registry.terraform.io/hashicorp/aws\"]",
      "instances": [
        {
          "schema_version": 1,
          "attributes": {
            "arn": "arn:aws:ec2:us-east-1:068637447302:security-group/sg-0da0a729c1ab8c99d",
            "description": "Managed by Terraform",
            "egress": [
              {
                "cidr_blocks": [
                  "0.0.0.0/0"
                ],
                "description": "",
                "from_port": 0,
                "ipv6_cidr_blocks": [],
                "prefix_list_ids": [],
                "protocol": "-1",
                "security_groups": [],
                "self": false,
                "to_port": 0
              }
            ],
            "id": "sg-0da0a729c1ab8c99d",
            "ingress": [],
            "name": "terraform-20240825151951233300000001",
            "name_prefix": "terraform-",
            "owner_id": "068637447302",
            "revoke_rules_on_delete": false,
            "tags": {
              "Name": "fullcycle-sg"
            },
            "tags_all": {
              "Name": "fullcycle-sg"
            },
            "timeouts": null,
            "vpc_id": "vpc-0133767fd050e1429"
          },
          "sensitive_attributes": [],
          "private": "eyJlMmJmYjczMC1lY2FhLTExZTYtOGY4OC0zNDM2M2JjN2M0YzAiOnsiY3JlYXRlIjo2MDAwMDAwMDAwMDAsImRlbGV0ZSI6OTAwMDAwMDAwMDAwfSwic2NoZW1hX3ZlcnNpb24iOiIxIn0=",
          "dependencies": [
            "aws_vpc.fullcycle-vpc"
          ]
        }
      ]
    },
    {
      "mode": "managed",
      "type": "aws_subnet",
      "name": "fullcycle-subnets",
      "provider": "provider[\"registry.terraform.io/hashicorp/aws\"]",
      "instances": [
        {
          "index_key": 0,
          "schema_version": 1,
          "attributes": {
            "arn": "arn:aws:ec2:us-east-1:068637447302:subnet/subnet-05415d2cf78120779",
            "assign_ipv6_address_on_creation": false,
            "availability_zone": "us-east-1a",
            "availability_zone_id": "use1-az4",
            "cidr_block": "10.0.0.0/24",
            "customer_owned_ipv4_pool": "",
            "enable_dns64": false,
            "enable_lni_at_device_index": 0,
            "enable_resource_name_dns_a_record_on_launch": false,
            "enable_resource_name_dns_aaaa_record_on_launch": false,
            "id": "subnet-05415d2cf78120779",
            "ipv6_cidr_block": "",
            "ipv6_cidr_block_association_id": "",
            "ipv6_native": false,
            "map_customer_owned_ip_on_launch": false,
            "map_public_ip_on_launch": true,
            "outpost_arn": "",
            "owner_id": "068637447302",
            "private_dns_hostname_type_on_launch": "ip-name",
            "tags": {
              "Name": "fullcycle-subnet-0"
            },
            "tags_all": {
              "Name": "fullcycle-subnet-0"
            },
            "timeouts": null,
            "vpc_id": "vpc-0133767fd050e1429"
          },
          "sensitive_attributes": [],
          "private": "eyJlMmJmYjczMC1lY2FhLTExZTYtOGY4OC0zNDM2M2JjN2M0YzAiOnsiY3JlYXRlIjo2MDAwMDAwMDAwMDAsImRlbGV0ZSI6MTIwMDAwMDAwMDAwMH0sInNjaGVtYV92ZXJzaW9uIjoiMSJ9",
          "dependencies": [
            "aws_vpc.fullcycle-vpc",
            "data.aws_availability_zones.aws-availability-zones"
          ]
        },
        {
          "index_key": 1,
          "schema_version": 1,
          "attributes": {
            "arn": "arn:aws:ec2:us-east-1:068637447302:subnet/subnet-0d84104ef4b1619d1",
            "assign_ipv6_address_on_creation": false,
            "availability_zone": "us-east-1b",
            "availability_zone_id": "use1-az6",
            "cidr_block": "10.0.1.0/24",
            "customer_owned_ipv4_pool": "",
            "enable_dns64": false,
            "enable_lni_at_device_index": 0,
            "enable_resource_name_dns_a_record_on_launch": false,
            "enable_resource_name_dns_aaaa_record_on_launch": false,
            "id": "subnet-0d84104ef4b1619d1",
            "ipv6_cidr_block": "",
            "ipv6_cidr_block_association_id": "",
            "ipv6_native": false,
            "map_customer_owned_ip_on_launch": false,
            "map_public_ip_on_launch": true,
            "outpost_arn": "",
            "owner_id": "068637447302",
            "private_dns_hostname_type_on_launch": "ip-name",
            "tags": {
              "Name": "fullcycle-subnet-1"
            },
            "tags_all": {
              "Name": "fullcycle-subnet-1"
            },
            "timeouts": null,
            "vpc_id": "vpc-0133767fd050e1429"
          },
          "sensitive_attributes": [],
          "private": "eyJlMmJmYjczMC1lY2FhLTExZTYtOGY4OC0zNDM2M2JjN2M0YzAiOnsiY3JlYXRlIjo2MDAwMDAwMDAwMDAsImRlbGV0ZSI6MTIwMDAwMDAwMDAwMH0sInNjaGVtYV92ZXJzaW9uIjoiMSJ9",
          "dependencies": [
            "aws_vpc.fullcycle-vpc",
            "data.aws_availability_zones.aws-availability-zones"
          ]
        }
      ]
    },
    {
      "mode": "managed",
      "type": "aws_vpc",
      "name": "fullcycle-vpc",
      "provider": "provider[\"registry.terraform.io/hashicorp/aws\"]",
      "instances": [
        {
          "schema_version": 1,
          "attributes": {
            "arn": "arn:aws:ec2:us-east-1:068637447302:vpc/vpc-0133767fd050e1429",
            "assign_generated_ipv6_cidr_block": false,
            "cidr_block": "10.0.0.0/16",
            "default_network_acl_id": "acl-0fe50982b28825e30",
            "default_route_table_id": "rtb-0a4b8c043e1918887",
            "default_security_group_id": "sg-06a97fd4bfb759ff1",
            "dhcp_options_id": "dopt-09432f73",
            "enable_dns_hostnames": false,
            "enable_dns_support": true,
            "enable_network_address_usage_metrics": false,
            "id": "vpc-0133767fd050e1429",
            "instance_tenancy": "default",
            "ipv4_ipam_pool_id": null,
            "ipv4_netmask_length": null,
            "ipv6_association_id": "",
            "ipv6_cidr_block": "",
            "ipv6_cidr_block_network_border_group": "",
            "ipv6_ipam_pool_id": "",
            "ipv6_netmask_length": 0,
            "main_route_table_id": "rtb-0a4b8c043e1918887",
            "owner_id": "068637447302",
            "tags": {
              "Name": "fullcycle-vpc"
            },
            "tags_all": {
              "Name": "fullcycle-vpc"
            }
          },
          "sensitive_attributes": [],
          "private": "eyJzY2hlbWFfdmVyc2lvbiI6IjEifQ=="
        }
      ]
    },
    {
      "mode": "managed",
      "type": "local_file",
      "name": "kubeconfig",
      "provider": "provider[\"registry.terraform.io/hashicorp/local\"]",
      "instances": [
        {
          "schema_version": 0,
          "attributes": {
            "content": "apiVersion: v1\nclusters:\n- cluster:\n    server: https://EE62D896A9BE9FC44328379C547AB0F4.gr7.us-east-1.eks.amazonaws.com\n    certificate-authority-data: LS0tLS1CRUdJTiBDRVJUSUZJQ0FURS0tLS0tCk1JSURCVENDQWUyZ0F3SUJBZ0lJZXFqaWJQSFRrNUF3RFFZSktvWklodmNOQVFFTEJRQXdGVEVUTUJFR0ExVUUKQXhNS2EzVmlaWEp1WlhSbGN6QWVGdzB5TkRBNE1qVXhOVFExTWpCYUZ3MHpOREE0TWpNeE5UVXdNakJhTUJVeApFekFSQmdOVkJBTVRDbXQxWW1WeWJtVjBaWE13Z2dFaU1BMEdDU3FHU0liM0RRRUJBUVVBQTRJQkR3QXdnZ0VLCkFvSUJBUUNicXVzeFV1ZFduR1hOMTZ3QVAreDYwZEg1b2h2TGNYNktPZDlRN0xydENjOG83ODJISzBrZkRmREEKamN4M1cwdDN0WDMyRWxHN1BaMGJVY3hTU1N3N3FwVUs0SW5qRlRqWmNwVnZ2TzB4RGx3OTB0bkxVTkgzRmNYWgovYUljK3R0eDJYS2VndmJhdWpQN1RaVGJJOEJxWFRzQitJcmJvOWRhYTV0cDh2LzNkZnBiN1BVY1Vpdko2alBuCkhPbjZsTURvVERjRFVmWFR5SC84QWNZekw3dDc2VmVnK2c3eW1JekxtbDZQUnBGTWNaYXc3T0REQytzU29sZDcKVm9naHJybGZhK2kvcldzMFBWTzg0ek9BcWNvZkZsaWV1QWI3czNmb0p1bUh4dktyajJ1cVB5MjduaWRPWnVrdApMd2RVTFg2eG9qUE54Yk5RWjVMbDBaRDRlOG5IQWdNQkFBR2pXVEJYTUE0R0ExVWREd0VCL3dRRUF3SUNwREFQCkJnTlZIUk1CQWY4RUJUQURBUUgvTUIwR0ExVWREZ1FXQkJTbmt3YnpNalFaZ21paWNFcW92QmtmbFJsaFBUQVYKQmdOVkhSRUVEakFNZ2dwcmRXSmxjbTVsZEdWek1BMEdDU3FHU0liM0RRRUJDd1VBQTRJQkFRQUVkYjhGT3hQNApkRE5YbVJwbDhlL1V5U3FXSHE4d3VWSTB2dmhaYnNwZFJuUWhIQ1ZPUHdOMlMwaEFhYjlYYUN3eG01blJCaDlrCkhHN3VFYk0ySUwzUXJoK2pHQVphUm9Edk5pR09LQlpQeGh4QlFEaUVkeHBOWG5tQWVudzFzQm1DdnVlRGtWTTAKNzFZWHBnZWlkU3ZJUDMzU0dFdHpHenEzZTRscFdBMXdUa0RhL2twQjJUZ3Q5cVJvS2VmNU82S0p2Z1VzNnpFbgpWZHdGVFIyVCt0Umw5WWV1ZjFRUDBQSUN0TjMyZjdGS25hUjlVOXRHaHMrUWdmMnZBUmx6UytUYmZvaUlRSE84CkZ5TlFUcExUZ1dUeTRLa1EramFCY0J6UXRQQVM3OWdjdFFMUUlQOXJOaE9vd1cxeWZHdndPLzd5VU1XenZldUMKZzRDMDh2RXY5bTUrCi0tLS0tRU5EIENFUlRJRklDQVRFLS0tLS0K\n  name: kubernetes\ncontexts:\n- context:\n    cluster: kubernetes\n    user: \"fullcycle-cursofc\"\n  name: \"fullcycle-cursofc\"\ncurrent-context: \"fullcycle-cursofc\"\nkind: Config\npreferences: {}\nusers:\n- name: \"fullcycle-cursofc\"\n  user:\n    exec:\n      apiVersion: client.authentication.k8s.io/v1beta1\n      command: aws-iam-authenticator\n      args:\n        - \"token\"\n        - \"-i\"\n        - \"fullcycle-cursofc\"\n",
            "content_base64": null,
            "content_base64sha256": "0RGRGwNutqb9zSkPC9IZ/+h4wl7vM9U/9ddCPnpAk2k=",
            "content_base64sha512": "gLsO3nG+Uv2UAkoKj1+EzcP+VH7EYpXdJTEkDWmqXrP8EXeRGTPerZLyJqwf+DRU8e4fvDLLzZ8m596W2MqlNQ==",
            "content_md5": "14b5cefdc208196fce9971c7dc48f5cc",
            "content_sha1": "bd3c785bf020ebef0901cd0168458f61af396dc3",
            "content_sha256": "d111911b036eb6a6fdcd290f0bd219ffe878c25eef33d53ff5d7423e7a409369",
            "content_sha512": "80bb0ede71be52fd94024a0a8f5f84cdc3fe547ec46295dd2531240d69aa5eb3fc1177911933dead92f226ac1ff83454f1ee1fbc32cbcd9f26e7de96d8caa535",
            "directory_permission": "0777",
            "file_permission": "0777",
            "filename": "kubeconfig",
            "id": "bd3c785bf020ebef0901cd0168458f61af396dc3",
            "sensitive_content": null,
            "source": null
          },
          "sensitive_attributes": [
            [
              {
                "type": "get_attr",
                "value": "sensitive_content"
              }
            ]
          ],
          "dependencies": [
            "aws_cloudwatch_log_group.fullcycle-cluster-log",
            "aws_eks_cluster.fullcycle-cluster",
            "aws_iam_role.fullcycle-cluster-role",
            "aws_iam_role_policy_attachment.fullcycle-cluster-AmazonEKSClusterPolicy",
            "aws_iam_role_policy_attachment.fullcycle-cluster-AmazonEKSVPCResourceController",
            "aws_security_group.fullcycle-sg",
            "aws_subnet.fullcycle-subnets",
            "aws_vpc.fullcycle-vpc",
            "data.aws_availability_zones.aws-availability-zones"
          ]
        }
      ]
    }
  ],
  "check_results": null
}
