{
  "version": 4,
  "terraform_version": "1.9.2",
  "serial": 20,
  "lineage": "6bd4c8b3-2313-c5ec-8374-ba7fda239888",
  "outputs": {},
  "resources": [
    {
      "module": "module.fullcycle-eks",
      "mode": "managed",
      "type": "aws_cloudwatch_log_group",
      "name": "fullcycle-cluster-log",
      "provider": "provider[\"registry.terraform.io/hashicorp/aws\"]",
      "instances": [
        {
          "schema_version": 0,
          "attributes": {
            "arn": "arn:aws:logs:us-east-1:068637447302:log-group:/aws/eks/fullcycle-cursofc/cluster",
            "id": "/aws/eks/fullcycle-cursofc/cluster",
            "kms_key_id": "",
            "log_group_class": "STANDARD",
            "name": "/aws/eks/fullcycle-cursofc/cluster",
            "name_prefix": "",
            "retention_in_days": 7,
            "skip_destroy": false,
            "tags": {},
            "tags_all": {}
          },
          "sensitive_attributes": [],
          "private": "bnVsbA=="
        }
      ]
    },
    {
      "module": "module.fullcycle-eks",
      "mode": "managed",
      "type": "aws_eks_cluster",
      "name": "fullcycle-cluster",
      "provider": "provider[\"registry.terraform.io/hashicorp/aws\"]",
      "instances": [
        {
          "schema_version": 1,
          "attributes": {
            "access_config": [
              {
                "authentication_mode": "CONFIG_MAP",
                "bootstrap_cluster_creator_admin_permissions": true
              }
            ],
            "arn": "arn:aws:eks:us-east-1:068637447302:cluster/fullcycle-cursofc",
            "bootstrap_self_managed_addons": true,
            "certificate_authority": [
              {
                "data": "LS0tLS1CRUdJTiBDRVJUSUZJQ0FURS0tLS0tCk1JSURCVENDQWUyZ0F3SUJBZ0lJQmpMTlZWSGgzb1l3RFFZSktvWklodmNOQVFFTEJRQXdGVEVUTUJFR0ExVUUKQXhNS2EzVmlaWEp1WlhSbGN6QWVGdzB5TkRBNE1qVXhPREF4TWpsYUZ3MHpOREE0TWpNeE9EQTJNamxhTUJVeApFekFSQmdOVkJBTVRDbXQxWW1WeWJtVjBaWE13Z2dFaU1BMEdDU3FHU0liM0RRRUJBUVVBQTRJQkR3QXdnZ0VLCkFvSUJBUUQ2QWViQ3U4K1FFR3lNR3FIODRBU0lJcWplNzJualE5NmhPMlJyb0JaY2pjM254RkVjMFd6empVVTEKZXJOUmdialh0NjM0NGJlZE92S3p1Vk5nRVZkU3dzNHRKWWpkTmUxbzMwSGk1UUlWNVNHTHdRTUpuRlRkV0p6VgpqeDk1U2xsOENheXRyQk5BZFBaQkpKQUEyZy9jNDlseWJDYS82RWdlczN1bnExZWw5aUphSmtmOFZSVDJUN3V1CmlPQzdLTStCSXBkVlp6c3BGS0FQRHhuZGpMT1YxaFVLbUdXWVNmVzFaTWc2cXkwRGprRTlyV0lPTE1reXA4a3kKVGg0bFh6TTB2cHJVT0hmZ045WC9BU2hzakZWUEZ1azVDNUdJUVNhczI1MEIyNkdNcHF3dDdJYzZ4ZVBGUllLQgpqVXhDd3luQTFnYTJ5YU1oYzZRZFBzYzZnakl2QWdNQkFBR2pXVEJYTUE0R0ExVWREd0VCL3dRRUF3SUNwREFQCkJnTlZIUk1CQWY4RUJUQURBUUgvTUIwR0ExVWREZ1FXQkJRejRSWW9LWWtMTllRd09mMTFubDg4a1p2VSt6QVYKQmdOVkhSRUVEakFNZ2dwcmRXSmxjbTVsZEdWek1BMEdDU3FHU0liM0RRRUJDd1VBQTRJQkFRQ2JjZmJkWjVRUwo3dk1sU2ViN2d0M1duNTAwK2hMMVAzVE1VZklUNktoUmJuK0NqdDhiNng0VEN5emxwcGlGb2FiWkpRa1UwZW5PCmlJTk9CbWJQeGdZUW1ZSnA5S3dRUEpGanBoUStPRXRPQVhsTWdldU5odkl6Zy9yMlBmOUhDc1pIWDhHMGFFVzUKWlMzUDU3d2dHUldyak91aUNCNXdiOHc1VkMyV3ZLRlh2RlVjOWNLRVA5cmhpSUgxZXRCVFZoMEZKUkhRWTBnTwpKVlVWRHAyVm5Kd0UzaDJXQUFoS0QxTlMyZEM5REtmVXNYVldsR21JUWxQdTR0bG95RjEyQ1g3bFNKVjNYWjNPClRoeVp1USt4ZnJ3ZDV4cjg3dEJTWWZleTlMeFM5WUxIUFo5Ym93Sk1XQlFhU1U1cmY4NmhOakhaZ1l6Vy84NlMKbWRvZlZPRUJzWjdZCi0tLS0tRU5EIENFUlRJRklDQVRFLS0tLS0K"
              }
            ],
            "cluster_id": null,
            "created_at": "2024-08-25 18:01:38.501 +0000 UTC",
            "enabled_cluster_log_types": [
              "api",
              "audit"
            ],
            "encryption_config": [],
            "endpoint": "https://A937B44C31DE71633F583BFFA9F3B596.gr7.us-east-1.eks.amazonaws.com",
            "id": "fullcycle-cursofc",
            "identity": [
              {
                "oidc": [
                  {
                    "issuer": "https://oidc.eks.us-east-1.amazonaws.com/id/A937B44C31DE71633F583BFFA9F3B596"
                  }
                ]
              }
            ],
            "kubernetes_network_config": [
              {
                "ip_family": "ipv4",
                "service_ipv4_cidr": "172.20.0.0/16",
                "service_ipv6_cidr": ""
              }
            ],
            "name": "fullcycle-cursofc",
            "outpost_config": [],
            "platform_version": "eks.6",
            "role_arn": "arn:aws:iam::068637447302:role/fullcycle-cursofc-role",
            "status": "ACTIVE",
            "tags": {},
            "tags_all": {},
            "timeouts": null,
            "upgrade_policy": [
              {
                "support_type": "EXTENDED"
              }
            ],
            "version": "1.30",
            "vpc_config": [
              {
                "cluster_security_group_id": "sg-0ebb240959b881558",
                "endpoint_private_access": false,
                "endpoint_public_access": true,
                "public_access_cidrs": [
                  "0.0.0.0/0"
                ],
                "security_group_ids": [
                  "sg-00c20a23389b3df08"
                ],
                "subnet_ids": [
                  "subnet-035436080b6ee21f9",
                  "subnet-0c3d4e16e37d663d5"
                ],
                "vpc_id": "vpc-01a3705a907a38ce1"
              }
            ]
          },
          "sensitive_attributes": [],
          "private": "eyJlMmJmYjczMC1lY2FhLTExZTYtOGY4OC0zNDM2M2JjN2M0YzAiOnsiY3JlYXRlIjoxODAwMDAwMDAwMDAwLCJkZWxldGUiOjkwMDAwMDAwMDAwMCwidXBkYXRlIjozNjAwMDAwMDAwMDAwfSwic2NoZW1hX3ZlcnNpb24iOiIxIn0=",
          "dependencies": [
            "module.fullcycle-eks.aws_cloudwatch_log_group.fullcycle-cluster-log",
            "module.fullcycle-eks.aws_iam_role.fullcycle-cluster-role",
            "module.fullcycle-eks.aws_iam_role_policy_attachment.fullcycle-cluster-AmazonEKSClusterPolicy",
            "module.fullcycle-eks.aws_iam_role_policy_attachment.fullcycle-cluster-AmazonEKSVPCResourceController",
            "module.fullcycle-eks.aws_security_group.fullcycle-sg",
            "module.fullcycle-vpc.aws_subnet.fullcycle-subnets",
            "module.fullcycle-vpc.aws_vpc.fullcycle-vpc",
            "module.fullcycle-vpc.data.aws_availability_zones.aws-availability-zones"
          ]
        }
      ]
    },
    {
      "module": "module.fullcycle-eks",
      "mode": "managed",
      "type": "aws_eks_node_group",
      "name": "fullcycle-cluster-node-1",
      "provider": "provider[\"registry.terraform.io/hashicorp/aws\"]",
      "instances": [
        {
          "schema_version": 0,
          "attributes": {
            "ami_type": "AL2023_x86_64_STANDARD",
            "arn": "arn:aws:eks:us-east-1:068637447302:nodegroup/fullcycle-cursofc/fullcycle-cursofc-node-1/6ac8c55d-85e9-2b9a-5268-c1de2fdc3bd2",
            "capacity_type": "ON_DEMAND",
            "cluster_name": "fullcycle-cursofc",
            "disk_size": 20,
            "force_update_version": null,
            "id": "fullcycle-cursofc:fullcycle-cursofc-node-1",
            "instance_types": [
              "t3.micro"
            ],
            "labels": {},
            "launch_template": [],
            "node_group_name": "fullcycle-cursofc-node-1",
            "node_group_name_prefix": "",
            "node_role_arn": "arn:aws:iam::068637447302:role/fullcycle-cursofc-node-role",
            "release_version": "1.30.2-20240817",
            "remote_access": [],
            "resources": [
              {
                "autoscaling_groups": [
                  {
                    "name": "eks-fullcycle-cursofc-node-1-6ac8c55d-85e9-2b9a-5268-c1de2fdc3bd2"
                  }
                ],
                "remote_access_security_group_id": ""
              }
            ],
            "scaling_config": [
              {
                "desired_size": 2,
                "max_size": 3,
                "min_size": 1
              }
            ],
            "status": "ACTIVE",
            "subnet_ids": [
              "subnet-035436080b6ee21f9",
              "subnet-0c3d4e16e37d663d5"
            ],
            "tags": {},
            "tags_all": {},
            "taint": [],
            "timeouts": null,
            "update_config": [
              {
                "max_unavailable": 1,
                "max_unavailable_percentage": 0
              }
            ],
            "version": "1.30"
          },
          "sensitive_attributes": [],
          "private": "eyJlMmJmYjczMC1lY2FhLTExZTYtOGY4OC0zNDM2M2JjN2M0YzAiOnsiY3JlYXRlIjozNjAwMDAwMDAwMDAwLCJkZWxldGUiOjM2MDAwMDAwMDAwMDAsInVwZGF0ZSI6MzYwMDAwMDAwMDAwMH19",
          "dependencies": [
            "module.fullcycle-eks.aws_cloudwatch_log_group.fullcycle-cluster-log",
            "module.fullcycle-eks.aws_eks_cluster.fullcycle-cluster",
            "module.fullcycle-eks.aws_iam_role.fullcycle-cluster-node-role",
            "module.fullcycle-eks.aws_iam_role.fullcycle-cluster-role",
            "module.fullcycle-eks.aws_iam_role_policy_attachment.fullcycle-cluster-AmazonEKSClusterPolicy",
            "module.fullcycle-eks.aws_iam_role_policy_attachment.fullcycle-cluster-AmazonEKSVPCResourceController",
            "module.fullcycle-eks.aws_iam_role_policy_attachment.fullcycle-cluster-node-AmazonEC2ContainerRegistryReadOnly",
            "module.fullcycle-eks.aws_iam_role_policy_attachment.fullcycle-cluster-node-AmazonEKSWorkerNodePolicy",
            "module.fullcycle-eks.aws_iam_role_policy_attachment.fullcycle-cluster-node-AmazonEKS_CNI_Policy",
            "module.fullcycle-eks.aws_security_group.fullcycle-sg",
            "module.fullcycle-vpc.aws_subnet.fullcycle-subnets",
            "module.fullcycle-vpc.aws_vpc.fullcycle-vpc",
            "module.fullcycle-vpc.data.aws_availability_zones.aws-availability-zones"
          ]
        }
      ]
    },
    {
      "module": "module.fullcycle-eks",
      "mode": "managed",
      "type": "aws_iam_role",
      "name": "fullcycle-cluster-node-role",
      "provider": "provider[\"registry.terraform.io/hashicorp/aws\"]",
      "instances": [
        {
          "schema_version": 0,
          "attributes": {
            "arn": "arn:aws:iam::068637447302:role/fullcycle-cursofc-node-role",
            "assume_role_policy": "{\"Statement\":[{\"Action\":\"sts:AssumeRole\",\"Effect\":\"Allow\",\"Principal\":{\"Service\":\"ec2.amazonaws.com\"}}],\"Version\":\"2012-10-17\"}",
            "create_date": "2024-08-25T18:01:19Z",
            "description": "",
            "force_detach_policies": false,
            "id": "fullcycle-cursofc-node-role",
            "inline_policy": [],
            "managed_policy_arns": [
              "arn:aws:iam::aws:policy/AmazonEC2ContainerRegistryReadOnly",
              "arn:aws:iam::aws:policy/AmazonEKSWorkerNodePolicy",
              "arn:aws:iam::aws:policy/AmazonEKS_CNI_Policy"
            ],
            "max_session_duration": 3600,
            "name": "fullcycle-cursofc-node-role",
            "name_prefix": "",
            "path": "/",
            "permissions_boundary": "",
            "tags": {},
            "tags_all": {},
            "unique_id": "AROAQ76Y4KSDNRGG7T73T"
          },
          "sensitive_attributes": [],
          "private": "bnVsbA=="
        }
      ]
    },
    {
      "module": "module.fullcycle-eks",
      "mode": "managed",
      "type": "aws_iam_role",
      "name": "fullcycle-cluster-role",
      "provider": "provider[\"registry.terraform.io/hashicorp/aws\"]",
      "instances": [
        {
          "schema_version": 0,
          "attributes": {
            "arn": "arn:aws:iam::068637447302:role/fullcycle-cursofc-role",
            "assume_role_policy": "{\"Statement\":[{\"Action\":\"sts:AssumeRole\",\"Effect\":\"Allow\",\"Principal\":{\"Service\":\"eks.amazonaws.com\"}}],\"Version\":\"2012-10-17\"}",
            "create_date": "2024-08-25T18:01:19Z",
            "description": "",
            "force_detach_policies": false,
            "id": "fullcycle-cursofc-role",
            "inline_policy": [],
            "managed_policy_arns": [
              "arn:aws:iam::aws:policy/AmazonEKSClusterPolicy",
              "arn:aws:iam::aws:policy/AmazonEKSVPCResourceController"
            ],
            "max_session_duration": 3600,
            "name": "fullcycle-cursofc-role",
            "name_prefix": "",
            "path": "/",
            "permissions_boundary": "",
            "tags": {},
            "tags_all": {},
            "unique_id": "AROAQ76Y4KSDPC3ZDDBUB"
          },
          "sensitive_attributes": [],
          "private": "bnVsbA=="
        }
      ]
    },
    {
      "module": "module.fullcycle-eks",
      "mode": "managed",
      "type": "aws_iam_role_policy_attachment",
      "name": "fullcycle-cluster-AmazonEKSClusterPolicy",
      "provider": "provider[\"registry.terraform.io/hashicorp/aws\"]",
      "instances": [
        {
          "schema_version": 0,
          "attributes": {
            "id": "fullcycle-cursofc-role-20240825180120948600000001",
            "policy_arn": "arn:aws:iam::aws:policy/AmazonEKSClusterPolicy",
            "role": "fullcycle-cursofc-role"
          },
          "sensitive_attributes": [],
          "private": "bnVsbA==",
          "dependencies": [
            "module.fullcycle-eks.aws_iam_role.fullcycle-cluster-role"
          ]
        }
      ]
    },
    {
      "module": "module.fullcycle-eks",
      "mode": "managed",
      "type": "aws_iam_role_policy_attachment",
      "name": "fullcycle-cluster-AmazonEKSVPCResourceController",
      "provider": "provider[\"registry.terraform.io/hashicorp/aws\"]",
      "instances": [
        {
          "schema_version": 0,
          "attributes": {
            "id": "fullcycle-cursofc-role-20240825180120948700000002",
            "policy_arn": "arn:aws:iam::aws:policy/AmazonEKSVPCResourceController",
            "role": "fullcycle-cursofc-role"
          },
          "sensitive_attributes": [],
          "private": "bnVsbA==",
          "dependencies": [
            "module.fullcycle-eks.aws_iam_role.fullcycle-cluster-role"
          ]
        }
      ]
    },
    {
      "module": "module.fullcycle-eks",
      "mode": "managed",
      "type": "aws_iam_role_policy_attachment",
      "name": "fullcycle-cluster-node-AmazonEC2ContainerRegistryReadOnly",
      "provider": "provider[\"registry.terraform.io/hashicorp/aws\"]",
      "instances": [
        {
          "schema_version": 0,
          "attributes": {
            "id": "fullcycle-cursofc-node-role-20240825180121527400000005",
            "policy_arn": "arn:aws:iam::aws:policy/AmazonEC2ContainerRegistryReadOnly",
            "role": "fullcycle-cursofc-node-role"
          },
          "sensitive_attributes": [],
          "private": "bnVsbA==",
          "dependencies": [
            "module.fullcycle-eks.aws_iam_role.fullcycle-cluster-node-role"
          ]
        }
      ]
    },
    {
      "module": "module.fullcycle-eks",
      "mode": "managed",
      "type": "aws_iam_role_policy_attachment",
      "name": "fullcycle-cluster-node-AmazonEKSWorkerNodePolicy",
      "provider": "provider[\"registry.terraform.io/hashicorp/aws\"]",
      "instances": [
        {
          "schema_version": 0,
          "attributes": {
            "id": "fullcycle-cursofc-node-role-20240825180121502000000003",
            "policy_arn": "arn:aws:iam::aws:policy/AmazonEKSWorkerNodePolicy",
            "role": "fullcycle-cursofc-node-role"
          },
          "sensitive_attributes": [],
          "private": "bnVsbA==",
          "dependencies": [
            "module.fullcycle-eks.aws_iam_role.fullcycle-cluster-node-role"
          ]
        }
      ]
    },
    {
      "module": "module.fullcycle-eks",
      "mode": "managed",
      "type": "aws_iam_role_policy_attachment",
      "name": "fullcycle-cluster-node-AmazonEKS_CNI_Policy",
      "provider": "provider[\"registry.terraform.io/hashicorp/aws\"]",
      "instances": [
        {
          "schema_version": 0,
          "attributes": {
            "id": "fullcycle-cursofc-node-role-20240825180121513600000004",
            "policy_arn": "arn:aws:iam::aws:policy/AmazonEKS_CNI_Policy",
            "role": "fullcycle-cursofc-node-role"
          },
          "sensitive_attributes": [],
          "private": "bnVsbA==",
          "dependencies": [
            "module.fullcycle-eks.aws_iam_role.fullcycle-cluster-node-role"
          ]
        }
      ]
    },
    {
      "module": "module.fullcycle-eks",
      "mode": "managed",
      "type": "aws_security_group",
      "name": "fullcycle-sg",
      "provider": "provider[\"registry.terraform.io/hashicorp/aws\"]",
      "instances": [
        {
          "schema_version": 1,
          "attributes": {
            "arn": "arn:aws:ec2:us-east-1:068637447302:security-group/sg-00c20a23389b3df08",
            "description": "Managed by Terraform",
            "egress": [
              {
                "cidr_blocks": [
                  "0.0.0.0/0"
                ],
                "description": "",
                "from_port": 0,
                "ipv6_cidr_blocks": [],
                "prefix_list_ids": [],
                "protocol": "-1",
                "security_groups": [],
                "self": false,
                "to_port": 0
              }
            ],
            "id": "sg-00c20a23389b3df08",
            "ingress": [],
            "name": "terraform-20240825180122310200000006",
            "name_prefix": "terraform-",
            "owner_id": "068637447302",
            "revoke_rules_on_delete": false,
            "tags": {
              "Name": "fullcycle-sg"
            },
            "tags_all": {
              "Name": "fullcycle-sg"
            },
            "timeouts": null,
            "vpc_id": "vpc-01a3705a907a38ce1"
          },
          "sensitive_attributes": [],
          "private": "eyJlMmJmYjczMC1lY2FhLTExZTYtOGY4OC0zNDM2M2JjN2M0YzAiOnsiY3JlYXRlIjo2MDAwMDAwMDAwMDAsImRlbGV0ZSI6OTAwMDAwMDAwMDAwfSwic2NoZW1hX3ZlcnNpb24iOiIxIn0=",
          "dependencies": [
            "module.fullcycle-vpc.aws_vpc.fullcycle-vpc"
          ]
        }
      ]
    },
    {
      "module": "module.fullcycle-vpc",
      "mode": "data",
      "type": "aws_availability_zones",
      "name": "aws-availability-zones",
      "provider": "provider[\"registry.terraform.io/hashicorp/aws\"]",
      "instances": [
        {
          "schema_version": 0,
          "attributes": {
            "all_availability_zones": null,
            "exclude_names": null,
            "exclude_zone_ids": null,
            "filter": null,
            "group_names": [
              "us-east-1"
            ],
            "id": "us-east-1",
            "names": [
              "us-east-1a",
              "us-east-1b",
              "us-east-1c",
              "us-east-1d",
              "us-east-1e",
              "us-east-1f"
            ],
            "state": null,
            "timeouts": null,
            "zone_ids": [
              "use1-az4",
              "use1-az6",
              "use1-az1",
              "use1-az2",
              "use1-az3",
              "use1-az5"
            ]
          },
          "sensitive_attributes": []
        }
      ]
    },
    {
      "module": "module.fullcycle-vpc",
      "mode": "managed",
      "type": "aws_internet_gateway",
      "name": "fullcycle-igw",
      "provider": "provider[\"registry.terraform.io/hashicorp/aws\"]",
      "instances": [
        {
          "schema_version": 0,
          "attributes": {
            "arn": "arn:aws:ec2:us-east-1:068637447302:internet-gateway/igw-0665b8a8066fd3525",
            "id": "igw-0665b8a8066fd3525",
            "owner_id": "068637447302",
            "tags": {
              "Name": "fullcycle-igw"
            },
            "tags_all": {
              "Name": "fullcycle-igw"
            },
            "timeouts": null,
            "vpc_id": "vpc-01a3705a907a38ce1"
          },
          "sensitive_attributes": [],
          "private": "eyJlMmJmYjczMC1lY2FhLTExZTYtOGY4OC0zNDM2M2JjN2M0YzAiOnsiY3JlYXRlIjoxMjAwMDAwMDAwMDAwLCJkZWxldGUiOjEyMDAwMDAwMDAwMDAsInVwZGF0ZSI6MTIwMDAwMDAwMDAwMH19",
          "dependencies": [
            "module.fullcycle-vpc.aws_vpc.fullcycle-vpc"
          ]
        }
      ]
    },
    {
      "module": "module.fullcycle-vpc",
      "mode": "managed",
      "type": "aws_route_table",
      "name": "fullcycle-rtb",
      "provider": "provider[\"registry.terraform.io/hashicorp/aws\"]",
      "instances": [
        {
          "schema_version": 0,
          "attributes": {
            "arn": "arn:aws:ec2:us-east-1:068637447302:route-table/rtb-02626c33aac2397de",
            "id": "rtb-02626c33aac2397de",
            "owner_id": "068637447302",
            "propagating_vgws": [],
            "route": [
              {
                "carrier_gateway_id": "",
                "cidr_block": "0.0.0.0/0",
                "core_network_arn": "",
                "destination_prefix_list_id": "",
                "egress_only_gateway_id": "",
                "gateway_id": "igw-0665b8a8066fd3525",
                "ipv6_cidr_block": "",
                "local_gateway_id": "",
                "nat_gateway_id": "",
                "network_interface_id": "",
                "transit_gateway_id": "",
                "vpc_endpoint_id": "",
                "vpc_peering_connection_id": ""
              }
            ],
            "tags": {
              "Name": "fullcycle-rtb"
            },
            "tags_all": {
              "Name": "fullcycle-rtb"
            },
            "timeouts": null,
            "vpc_id": "vpc-01a3705a907a38ce1"
          },
          "sensitive_attributes": [],
          "private": "eyJlMmJmYjczMC1lY2FhLTExZTYtOGY4OC0zNDM2M2JjN2M0YzAiOnsiY3JlYXRlIjozMDAwMDAwMDAwMDAsImRlbGV0ZSI6MzAwMDAwMDAwMDAwLCJ1cGRhdGUiOjEyMDAwMDAwMDAwMH19",
          "dependencies": [
            "module.fullcycle-vpc.aws_internet_gateway.fullcycle-igw",
            "module.fullcycle-vpc.aws_vpc.fullcycle-vpc"
          ]
        }
      ]
    },
    {
      "module": "module.fullcycle-vpc",
      "mode": "managed",
      "type": "aws_route_table_association",
      "name": "fullcycle-rtb-associations",
      "provider": "provider[\"registry.terraform.io/hashicorp/aws\"]",
      "instances": [
        {
          "index_key": 0,
          "schema_version": 0,
          "attributes": {
            "gateway_id": "",
            "id": "rtbassoc-0a9c05ebc126ce7b4",
            "route_table_id": "rtb-02626c33aac2397de",
            "subnet_id": "subnet-0c3d4e16e37d663d5",
            "timeouts": null
          },
          "sensitive_attributes": [],
          "private": "eyJlMmJmYjczMC1lY2FhLTExZTYtOGY4OC0zNDM2M2JjN2M0YzAiOnsiY3JlYXRlIjozMDAwMDAwMDAwMDAsImRlbGV0ZSI6MzAwMDAwMDAwMDAwLCJ1cGRhdGUiOjEyMDAwMDAwMDAwMH19",
          "dependencies": [
            "module.fullcycle-vpc.aws_internet_gateway.fullcycle-igw",
            "module.fullcycle-vpc.aws_route_table.fullcycle-rtb",
            "module.fullcycle-vpc.aws_subnet.fullcycle-subnets",
            "module.fullcycle-vpc.aws_vpc.fullcycle-vpc",
            "module.fullcycle-vpc.data.aws_availability_zones.aws-availability-zones"
          ]
        },
        {
          "index_key": 1,
          "schema_version": 0,
          "attributes": {
            "gateway_id": "",
            "id": "rtbassoc-0d858f334ea80496b",
            "route_table_id": "rtb-02626c33aac2397de",
            "subnet_id": "subnet-035436080b6ee21f9",
            "timeouts": null
          },
          "sensitive_attributes": [],
          "private": "eyJlMmJmYjczMC1lY2FhLTExZTYtOGY4OC0zNDM2M2JjN2M0YzAiOnsiY3JlYXRlIjozMDAwMDAwMDAwMDAsImRlbGV0ZSI6MzAwMDAwMDAwMDAwLCJ1cGRhdGUiOjEyMDAwMDAwMDAwMH19",
          "dependencies": [
            "module.fullcycle-vpc.aws_internet_gateway.fullcycle-igw",
            "module.fullcycle-vpc.aws_route_table.fullcycle-rtb",
            "module.fullcycle-vpc.aws_subnet.fullcycle-subnets",
            "module.fullcycle-vpc.aws_vpc.fullcycle-vpc",
            "module.fullcycle-vpc.data.aws_availability_zones.aws-availability-zones"
          ]
        }
      ]
    },
    {
      "module": "module.fullcycle-vpc",
      "mode": "managed",
      "type": "aws_subnet",
      "name": "fullcycle-subnets",
      "provider": "provider[\"registry.terraform.io/hashicorp/aws\"]",
      "instances": [
        {
          "index_key": 0,
          "schema_version": 1,
          "attributes": {
            "arn": "arn:aws:ec2:us-east-1:068637447302:subnet/subnet-0c3d4e16e37d663d5",
            "assign_ipv6_address_on_creation": false,
            "availability_zone": "us-east-1a",
            "availability_zone_id": "use1-az4",
            "cidr_block": "10.0.0.0/24",
            "customer_owned_ipv4_pool": "",
            "enable_dns64": false,
            "enable_lni_at_device_index": 0,
            "enable_resource_name_dns_a_record_on_launch": false,
            "enable_resource_name_dns_aaaa_record_on_launch": false,
            "id": "subnet-0c3d4e16e37d663d5",
            "ipv6_cidr_block": "",
            "ipv6_cidr_block_association_id": "",
            "ipv6_native": false,
            "map_customer_owned_ip_on_launch": false,
            "map_public_ip_on_launch": true,
            "outpost_arn": "",
            "owner_id": "068637447302",
            "private_dns_hostname_type_on_launch": "ip-name",
            "tags": {
              "Name": "fullcycle-subnet-0"
            },
            "tags_all": {
              "Name": "fullcycle-subnet-0"
            },
            "timeouts": null,
            "vpc_id": "vpc-01a3705a907a38ce1"
          },
          "sensitive_attributes": [],
          "private": "eyJlMmJmYjczMC1lY2FhLTExZTYtOGY4OC0zNDM2M2JjN2M0YzAiOnsiY3JlYXRlIjo2MDAwMDAwMDAwMDAsImRlbGV0ZSI6MTIwMDAwMDAwMDAwMH0sInNjaGVtYV92ZXJzaW9uIjoiMSJ9",
          "dependencies": [
            "module.fullcycle-vpc.aws_vpc.fullcycle-vpc",
            "module.fullcycle-vpc.data.aws_availability_zones.aws-availability-zones"
          ]
        },
        {
          "index_key": 1,
          "schema_version": 1,
          "attributes": {
            "arn": "arn:aws:ec2:us-east-1:068637447302:subnet/subnet-035436080b6ee21f9",
            "assign_ipv6_address_on_creation": false,
            "availability_zone": "us-east-1b",
            "availability_zone_id": "use1-az6",
            "cidr_block": "10.0.1.0/24",
            "customer_owned_ipv4_pool": "",
            "enable_dns64": false,
            "enable_lni_at_device_index": 0,
            "enable_resource_name_dns_a_record_on_launch": false,
            "enable_resource_name_dns_aaaa_record_on_launch": false,
            "id": "subnet-035436080b6ee21f9",
            "ipv6_cidr_block": "",
            "ipv6_cidr_block_association_id": "",
            "ipv6_native": false,
            "map_customer_owned_ip_on_launch": false,
            "map_public_ip_on_launch": true,
            "outpost_arn": "",
            "owner_id": "068637447302",
            "private_dns_hostname_type_on_launch": "ip-name",
            "tags": {
              "Name": "fullcycle-subnet-1"
            },
            "tags_all": {
              "Name": "fullcycle-subnet-1"
            },
            "timeouts": null,
            "vpc_id": "vpc-01a3705a907a38ce1"
          },
          "sensitive_attributes": [],
          "private": "eyJlMmJmYjczMC1lY2FhLTExZTYtOGY4OC0zNDM2M2JjN2M0YzAiOnsiY3JlYXRlIjo2MDAwMDAwMDAwMDAsImRlbGV0ZSI6MTIwMDAwMDAwMDAwMH0sInNjaGVtYV92ZXJzaW9uIjoiMSJ9",
          "dependencies": [
            "module.fullcycle-vpc.aws_vpc.fullcycle-vpc",
            "module.fullcycle-vpc.data.aws_availability_zones.aws-availability-zones"
          ]
        }
      ]
    },
    {
      "module": "module.fullcycle-vpc",
      "mode": "managed",
      "type": "aws_vpc",
      "name": "fullcycle-vpc",
      "provider": "provider[\"registry.terraform.io/hashicorp/aws\"]",
      "instances": [
        {
          "schema_version": 1,
          "attributes": {
            "arn": "arn:aws:ec2:us-east-1:068637447302:vpc/vpc-01a3705a907a38ce1",
            "assign_generated_ipv6_cidr_block": false,
            "cidr_block": "10.0.0.0/16",
            "default_network_acl_id": "acl-03e7559921f52afec",
            "default_route_table_id": "rtb-05dc808247bd143ba",
            "default_security_group_id": "sg-0612eb9a60d669b0d",
            "dhcp_options_id": "dopt-09432f73",
            "enable_dns_hostnames": false,
            "enable_dns_support": true,
            "enable_network_address_usage_metrics": false,
            "id": "vpc-01a3705a907a38ce1",
            "instance_tenancy": "default",
            "ipv4_ipam_pool_id": null,
            "ipv4_netmask_length": null,
            "ipv6_association_id": "",
            "ipv6_cidr_block": "",
            "ipv6_cidr_block_network_border_group": "",
            "ipv6_ipam_pool_id": "",
            "ipv6_netmask_length": 0,
            "main_route_table_id": "rtb-05dc808247bd143ba",
            "owner_id": "068637447302",
            "tags": {
              "Name": "fullcycle-vpc"
            },
            "tags_all": {
              "Name": "fullcycle-vpc"
            }
          },
          "sensitive_attributes": [],
          "private": "eyJzY2hlbWFfdmVyc2lvbiI6IjEifQ=="
        }
      ]
    }
  ],
  "check_results": null
}
